# THIS IS AN AUTOGENERATED FILE. DO NOT EDIT THIS FILE DIRECTLY.
# yarn lockfile v1


canvas@^1.6.12:
  version "1.6.12"
  resolved "http://registry.npm.taobao.org/canvas/download/canvas-1.6.12.tgz#9ab02cdb6b543ae6705f566e33f9407625da901e"
  dependencies:
    nan "^2.10.0"

echarts@^4.2.0-rc.1:
  version "4.2.0-rc.1"
  resolved "http://registry.npm.taobao.org/echarts/download/echarts-4.2.0-rc.1.tgz#c76bc392e9d34f914480f8299305f66fa0b79cb7"
  dependencies:
    zrender "4.0.5"

nan@^2.10.0:
  version "2.11.0"
  resolved "http://registry.npm.taobao.org/nan/download/nan-2.11.0.tgz#574e360e4d954ab16966ec102c0c049fd961a099"

zrender@4.0.5:
  version "4.0.5"
  resolved "http://registry.npm.taobao.org/zrender/download/zrender-4.0.5.tgz#6e8f738971ce2cd624aac82b2156729b1c0e5a82"
